
Microsoft Visual Studio Solution File, Format Version 12.00
# Visual Studio 15
VisualStudioVersion = 15.0.28307.489
MinimumVisualStudioVersion = 10.0.40219.1
Project("{9A19103F-16F7-4668-BE54-9A1E7A4F7556}") = "HRMS_Server", "HRMS_Server\HRMS_Server.csproj", "{0F6C946D-3070-4137-9452-ACA71DC9792C}"
EndProject
Global
	GlobalSection(SolutionConfigurationPlatforms) = preSolution
		Debug|Any CPU = Debug|Any CPU
		Release|Any CPU = Release|Any CPU
	EndGlobalSection
	GlobalSection(ProjectConfigurationPlatforms) = postSolution
		{0F6C946D-3070-4137-9452-ACA71DC9792C}.Debug|Any CPU.ActiveCfg = Debug|Any CPU
		{0F6C946D-3070-4137-9452-ACA71DC9792C}.Debug|Any CPU.Build.0 = Debug|Any CPU
		{0F6C946D-3070-4137-9452-ACA71DC9792C}.Release|Any CPU.ActiveCfg = Release|Any CPU
		{0F6C946D-3070-4137-9452-ACA71DC9792C}.Release|Any CPU.Build.0 = Release|Any CPU
	EndGlobalSection
	GlobalSection(SolutionProperties) = preSolution
		HideSolutionNode = FALSE
	EndGlobalSection
	GlobalSection(ExtensibilityGlobals) = postSolution
		SolutionGuid = {E39DFB0C-FADC-4F2A-8AA2-5C987FB0DE31}
	EndGlobalSection
EndGlobal
